// !$*UTF8*$!
{
	archiveVersion = 1;
	classes = {
	};
	objectVersion = 46;
	objects = {

/* Begin PBXBuildFile section */
		E8392A7F1AFF712A00742353 /* iTunnel.h in CopyFiles */ = {isa = PBXBuildFile; fileRef = E8392A7E1AFF712A00742353 /* iTunnel.h */; };
		E8392A811AFF712A00742353 /* iTunnel.m in Sources */ = {isa = PBXBuildFile; fileRef = E8392A801AFF712A00742353 /* iTunnel.m */; };
		E8392AAF1AFF763B00742353 /* GCDAsyncSocket.m in Sources */ = {isa = PBXBuildFile; fileRef = E8392AAC1AFF763B00742353 /* GCDAsyncSocket.m */; };
		E8392AB01AFF763B00742353 /* GCDAsyncUdpSocket.m in Sources */ = {isa = PBXBuildFile; fileRef = E8392AAE1AFF763B00742353 /* GCDAsyncUdpSocket.m */; };
		E8392AC01AFF766100742353 /* SOCKSProxy.m in Sources */ = {isa = PBXBuildFile; fileRef = E8392AB31AFF766100742353 /* SOCKSProxy.m */; };
		E8392AC11AFF766100742353 /* SOCKSProxySocket.m in Sources */ = {isa = PBXBuildFile; fileRef = E8392AB51AFF766100742353 /* SOCKSProxySocket.m */; };
		E8392AC21AFF766100742353 /* SSHChannel.m in Sources */ = {isa = PBXBuildFile; fileRef = E8392AB91AFF766100742353 /* SSHChannel.m */; };
		E8392AC31AFF766100742353 /* SSHGlobal.m in Sources */ = {isa = PBXBuildFile; fileRef = E8392ABB1AFF766100742353 /* SSHGlobal.m */; };
		E8392AC41AFF766100742353 /* SSHSession.m in Sources */ = {isa = PBXBuildFile; fileRef = E8392ABD1AFF766100742353 /* SSHSession.m */; };
		E8392AC51AFF766100742353 /* SSHTCPDirectTunnel.m in Sources */ = {isa = PBXBuildFile; fileRef = E8392ABF1AFF766100742353 /* SSHTCPDirectTunnel.m */; };
		E878A44B1AFF77130041B2E6 /* libcrypto.a in Frameworks */ = {isa = PBXBuildFile; fileRef = E878A4481AFF77130041B2E6 /* libcrypto.a */; };
		E878A44C1AFF77130041B2E6 /* libssh2.a in Frameworks */ = {isa = PBXBuildFile; fileRef = E878A4491AFF77130041B2E6 /* libssh2.a */; };
		E878A44D1AFF77130041B2E6 /* libssl.a in Frameworks */ = {isa = PBXBuildFile; fileRef = E878A44A1AFF77130041B2E6 /* libssl.a */; };
		E878A44F1AFF771D0041B2E6 /* libz.dylib in Frameworks */ = {isa = PBXBuildFile; fileRef = E878A44E1AFF771D0041B2E6 /* libz.dylib */; };
		E878A4511AFF772C0041B2E6 /* SystemConfiguration.framework in Frameworks */ = {isa = PBXBuildFile; fileRef = E878A4501AFF772C0041B2E6 /* SystemConfiguration.framework */; };
/* End PBXBuildFile section */

/* Begin PBXCopyFilesBuildPhase section */
		E8392A791AFF712A00742353 /* CopyFiles */ = {
			isa = PBXCopyFilesBuildPhase;
			buildActionMask = 2147483647;
			dstPath = "include/$(PRODUCT_NAME)";
			dstSubfolderSpec = 16;
			files = (
				E8392A7F1AFF712A00742353 /* iTunnel.h in CopyFiles */,
			);
			runOnlyForDeploymentPostprocessing = 0;
		};
/* End PBXCopyFilesBuildPhase section */

/* Begin PBXFileReference section */
		E8392A7B1AFF712A00742353 /* libiTunnel.a */ = {isa = PBXFileReference; explicitFileType = archive.ar; includeInIndex = 0; path = libiTunnel.a; sourceTree = BUILT_PRODUCTS_DIR; };
		E8392A7E1AFF712A00742353 /* iTunnel.h */ = {isa = PBXFileReference; lastKnownFileType = sourcecode.c.h; path = iTunnel.h; sourceTree = "<group>"; };
		E8392A801AFF712A00742353 /* iTunnel.m */ = {isa = PBXFileReference; lastKnownFileType = sourcecode.c.objc; path = iTunnel.m; sourceTree = "<group>"; };
		E8392AAB1AFF763B00742353 /* GCDAsyncSocket.h */ = {isa = PBXFileReference; fileEncoding = 4; lastKnownFileType = sourcecode.c.h; path = GCDAsyncSocket.h; sourceTree = "<group>"; };
		E8392AAC1AFF763B00742353 /* GCDAsyncSocket.m */ = {isa = PBXFileReference; fileEncoding = 4; lastKnownFileType = sourcecode.c.objc; path = GCDAsyncSocket.m; sourceTree = "<group>"; };
		E8392AAD1AFF763B00742353 /* GCDAsyncUdpSocket.h */ = {isa = PBXFileReference; fileEncoding = 4; lastKnownFileType = sourcecode.c.h; path = GCDAsyncUdpSocket.h; sourceTree = "<group>"; };
		E8392AAE1AFF763B00742353 /* GCDAsyncUdpSocket.m */ = {isa = PBXFileReference; fileEncoding = 4; lastKnownFileType = sourcecode.c.objc; path = GCDAsyncUdpSocket.m; sourceTree = "<group>"; };
		E8392AB21AFF766100742353 /* SOCKSProxy.h */ = {isa = PBXFileReference; fileEncoding = 4; lastKnownFileType = sourcecode.c.h; path = SOCKSProxy.h; sourceTree = "<group>"; };
		E8392AB31AFF766100742353 /* SOCKSProxy.m */ = {isa = PBXFileReference; fileEncoding = 4; lastKnownFileType = sourcecode.c.objc; path = SOCKSProxy.m; sourceTree = "<group>"; };
		E8392AB41AFF766100742353 /* SOCKSProxySocket.h */ = {isa = PBXFileReference; fileEncoding = 4; lastKnownFileType = sourcecode.c.h; path = SOCKSProxySocket.h; sourceTree = "<group>"; };
		E8392AB51AFF766100742353 /* SOCKSProxySocket.m */ = {isa = PBXFileReference; fileEncoding = 4; lastKnownFileType = sourcecode.c.objc; path = SOCKSProxySocket.m; sourceTree = "<group>"; };
		E8392AB61AFF766100742353 /* SSHProxyDelegate.h */ = {isa = PBXFileReference; fileEncoding = 4; lastKnownFileType = sourcecode.c.h; path = SSHProxyDelegate.h; sourceTree = "<group>"; };
		E8392AB81AFF766100742353 /* SSHChannel.h */ = {isa = PBXFileReference; fileEncoding = 4; lastKnownFileType = sourcecode.c.h; path = SSHChannel.h; sourceTree = "<group>"; };
		E8392AB91AFF766100742353 /* SSHChannel.m */ = {isa = PBXFileReference; fileEncoding = 4; lastKnownFileType = sourcecode.c.objc; path = SSHChannel.m; sourceTree = "<group>"; };
		E8392ABA1AFF766100742353 /* SSHGlobal.h */ = {isa = PBXFileReference; fileEncoding = 4; lastKnownFileType = sourcecode.c.h; path = SSHGlobal.h; sourceTree = "<group>"; };
		E8392ABB1AFF766100742353 /* SSHGlobal.m */ = {isa = PBXFileReference; fileEncoding = 4; lastKnownFileType = sourcecode.c.objc; path = SSHGlobal.m; sourceTree = "<group>"; };
		E8392ABC1AFF766100742353 /* SSHSession.h */ = {isa = PBXFileReference; fileEncoding = 4; lastKnownFileType = sourcecode.c.h; path = SSHSession.h; sourceTree = "<group>"; };
		E8392ABD1AFF766100742353 /* SSHSession.m */ = {isa = PBXFileReference; fileEncoding = 4; lastKnownFileType = sourcecode.c.objc; path = SSHSession.m; sourceTree = "<group>"; };
		E8392ABE1AFF766100742353 /* SSHTCPDirectTunnel.h */ = {isa = PBXFileReference; fileEncoding = 4; lastKnownFileType = sourcecode.c.h; path = SSHTCPDirectTunnel.h; sourceTree = "<group>"; };
		E8392ABF1AFF766100742353 /* SSHTCPDirectTunnel.m */ = {isa = PBXFileReference; fileEncoding = 4; lastKnownFileType = sourcecode.c.objc; path = SSHTCPDirectTunnel.m; sourceTree = "<group>"; };
		E878A4481AFF77130041B2E6 /* libcrypto.a */ = {isa = PBXFileReference; lastKnownFileType = archive.ar; name = libcrypto.a; path = "iTunnel/framework/libssh2-for-iOS/lib/libcrypto.a"; sourceTree = "<group>"; };
		E878A4491AFF77130041B2E6 /* libssh2.a */ = {isa = PBXFileReference; lastKnownFileType = archive.ar; name = libssh2.a; path = "iTunnel/framework/libssh2-for-iOS/lib/libssh2.a"; sourceTree = "<group>"; };
		E878A44A1AFF77130041B2E6 /* libssl.a */ = {isa = PBXFileReference; lastKnownFileType = archive.ar; name = libssl.a; path = "iTunnel/framework/libssh2-for-iOS/lib/libssl.a"; sourceTree = "<group>"; };
		E878A44E1AFF771D0041B2E6 /* libz.dylib */ = {isa = PBXFileReference; lastKnownFileType = "compiled.mach-o.dylib"; name = libz.dylib; path = usr/lib/libz.dylib; sourceTree = SDKROOT; };
		E878A4501AFF772C0041B2E6 /* SystemConfiguration.framework */ = {isa = PBXFileReference; lastKnownFileType = wrapper.framework; name = SystemConfiguration.framework; path = System/Library/Frameworks/SystemConfiguration.framework; sourceTree = SDKROOT; };
		E878A4531AFF78A40041B2E6 /* Prefix.pch */ = {isa = PBXFileReference; fileEncoding = 4; lastKnownFileType = sourcecode.c.h; path = Prefix.pch; sourceTree = "<group>"; };
/* End PBXFileReference section */

/* Begin PBXFrameworksBuildPhase section */
		E8392A781AFF712A00742353 /* Frameworks */ = {
			isa = PBXFrameworksBuildPhase;
			buildActionMask = 2147483647;
			files = (
				E878A4511AFF772C0041B2E6 /* SystemConfiguration.framework in Frameworks */,
				E878A44F1AFF771D0041B2E6 /* libz.dylib in Frameworks */,
				E878A44B1AFF77130041B2E6 /* libcrypto.a in Frameworks */,
				E878A44C1AFF77130041B2E6 /* libssh2.a in Frameworks */,
				E878A44D1AFF77130041B2E6 /* libssl.a in Frameworks */,
			);
			runOnlyForDeploymentPostprocessing = 0;
		};
/* End PBXFrameworksBuildPhase section */

/* Begin PBXGroup section */
		E8392A721AFF712A00742353 = {
			isa = PBXGroup;
			children = (
				E8392A7D1AFF712A00742353 /* iTunnel */,
				E878A4521AFF77330041B2E6 /* frameworks */,
				E8392A7C1AFF712A00742353 /* Products */,
			);
			sourceTree = "<group>";
		};
		E8392A7C1AFF712A00742353 /* Products */ = {
			isa = PBXGroup;
			children = (
				E8392A7B1AFF712A00742353 /* libiTunnel.a */,
			);
			name = Products;
			sourceTree = "<group>";
		};
		E8392A7D1AFF712A00742353 /* iTunnel */ = {
			isa = PBXGroup;
			children = (
				E878A4531AFF78A40041B2E6 /* Prefix.pch */,
				E8392AB11AFF766100742353 /* SocksV5Proxy */,
				E8392AAA1AFF763B00742353 /* GCDAsyncSocket */,
				E8392A7E1AFF712A00742353 /* iTunnel.h */,
				E8392A801AFF712A00742353 /* iTunnel.m */,
			);
			path = iTunnel;
			sourceTree = "<group>";
		};
		E8392AAA1AFF763B00742353 /* GCDAsyncSocket */ = {
			isa = PBXGroup;
			children = (
				E8392AAB1AFF763B00742353 /* GCDAsyncSocket.h */,
				E8392AAC1AFF763B00742353 /* GCDAsyncSocket.m */,
				E8392AAD1AFF763B00742353 /* GCDAsyncUdpSocket.h */,
				E8392AAE1AFF763B00742353 /* GCDAsyncUdpSocket.m */,
			);
			path = GCDAsyncSocket;
			sourceTree = "<group>";
		};
		E8392AB11AFF766100742353 /* SocksV5Proxy */ = {
			isa = PBXGroup;
			children = (
				E8392AB21AFF766100742353 /* SOCKSProxy.h */,
				E8392AB31AFF766100742353 /* SOCKSProxy.m */,
				E8392AB41AFF766100742353 /* SOCKSProxySocket.h */,
				E8392AB51AFF766100742353 /* SOCKSProxySocket.m */,
				E8392AB61AFF766100742353 /* SSHProxyDelegate.h */,
				E8392AB71AFF766100742353 /* SSHSession */,
				E8392ABE1AFF766100742353 /* SSHTCPDirectTunnel.h */,
				E8392ABF1AFF766100742353 /* SSHTCPDirectTunnel.m */,
			);
			path = SocksV5Proxy;
			sourceTree = "<group>";
		};
		E8392AB71AFF766100742353 /* SSHSession */ = {
			isa = PBXGroup;
			children = (
				E8392AB81AFF766100742353 /* SSHChannel.h */,
				E8392AB91AFF766100742353 /* SSHChannel.m */,
				E8392ABA1AFF766100742353 /* SSHGlobal.h */,
				E8392ABB1AFF766100742353 /* SSHGlobal.m */,
				E8392ABC1AFF766100742353 /* SSHSession.h */,
				E8392ABD1AFF766100742353 /* SSHSession.m */,
			);
			path = SSHSession;
			sourceTree = "<group>";
		};
		E878A4521AFF77330041B2E6 /* frameworks */ = {
			isa = PBXGroup;
			children = (
				E878A4501AFF772C0041B2E6 /* SystemConfiguration.framework */,
				E878A44E1AFF771D0041B2E6 /* libz.dylib */,
				E878A4481AFF77130041B2E6 /* libcrypto.a */,
				E878A4491AFF77130041B2E6 /* libssh2.a */,
				E878A44A1AFF77130041B2E6 /* libssl.a */,
			);
			name = frameworks;
			sourceTree = "<group>";
		};
/* End PBXGroup section */

/* Begin PBXNativeTarget section */
		E8392A7A1AFF712A00742353 /* iTunnel */ = {
			isa = PBXNativeTarget;
			buildConfigurationList = E8392A8F1AFF712A00742353 /* Build configuration list for PBXNativeTarget "iTunnel" */;
			buildPhases = (
				E8392A771AFF712A00742353 /* Sources */,
				E8392A781AFF712A00742353 /* Frameworks */,
				E8392A791AFF712A00742353 /* CopyFiles */,
			);
			buildRules = (
			);
			dependencies = (
			);
			name = iTunnel;
			productName = iTunnel;
			productReference = E8392A7B1AFF712A00742353 /* libiTunnel.a */;
			productType = "com.apple.product-type.library.static";
		};
/* End PBXNativeTarget section */

/* Begin PBXProject section */
		E8392A731AFF712A00742353 /* Project object */ = {
			isa = PBXProject;
			attributes = {
				LastUpgradeCheck = 0630;
				ORGANIZATIONNAME = fanzhang;
				TargetAttributes = {
					E8392A7A1AFF712A00742353 = {
						CreatedOnToolsVersion = 6.3.1;
					};
				};
			};
			buildConfigurationList = E8392A761AFF712A00742353 /* Build configuration list for PBXProject "iTunnel" */;
			compatibilityVersion = "Xcode 3.2";
			developmentRegion = English;
			hasScannedForEncodings = 0;
			knownRegions = (
				en,
			);
			mainGroup = E8392A721AFF712A00742353;
			productRefGroup = E8392A7C1AFF712A00742353 /* Products */;
			projectDirPath = "";
			projectRoot = "";
			targets = (
				E8392A7A1AFF712A00742353 /* iTunnel */,
			);
		};
/* End PBXProject section */

/* Begin PBXSourcesBuildPhase section */
		E8392A771AFF712A00742353 /* Sources */ = {
			isa = PBXSourcesBuildPhase;
			buildActionMask = 2147483647;
			files = (
				E8392AC21AFF766100742353 /* SSHChannel.m in Sources */,
				E8392AC51AFF766100742353 /* SSHTCPDirectTunnel.m in Sources */,
				E8392AC41AFF766100742353 /* SSHSession.m in Sources */,
				E8392AC01AFF766100742353 /* SOCKSProxy.m in Sources */,
				E8392AC31AFF766100742353 /* SSHGlobal.m in Sources */,
				E8392AC11AFF766100742353 /* SOCKSProxySocket.m in Sources */,
				E8392AAF1AFF763B00742353 /* GCDAsyncSocket.m in Sources */,
				E8392AB01AFF763B00742353 /* GCDAsyncUdpSocket.m in Sources */,
				E8392A811AFF712A00742353 /* iTunnel.m in Sources */,
			);
			runOnlyForDeploymentPostprocessing = 0;
		};
/* End PBXSourcesBuildPhase section */

/* Begin XCBuildConfiguration section */
		E8392A8D1AFF712A00742353 /* Debug */ = {
			isa = XCBuildConfiguration;
			buildSettings = {
				ALWAYS_SEARCH_USER_PATHS = YES;
				CLANG_CXX_LANGUAGE_STANDARD = "gnu++0x";
				CLANG_CXX_LIBRARY = "libc++";
				CLANG_ENABLE_MODULES = YES;
				CLANG_ENABLE_OBJC_ARC = YES;
				CLANG_WARN_BOOL_CONVERSION = YES;
				CLANG_WARN_CONSTANT_CONVERSION = YES;
				CLANG_WARN_DIRECT_OBJC_ISA_USAGE = YES_ERROR;
				CLANG_WARN_EMPTY_BODY = YES;
				CLANG_WARN_ENUM_CONVERSION = YES;
				CLANG_WARN_INT_CONVERSION = YES;
				CLANG_WARN_OBJC_ROOT_CLASS = YES_ERROR;
				CLANG_WARN_UNREACHABLE_CODE = YES;
				CLANG_WARN__DUPLICATE_METHOD_MATCH = YES;
				COPY_PHASE_STRIP = NO;
				DEBUG_INFORMATION_FORMAT = "dwarf-with-dsym";
				ENABLE_STRICT_OBJC_MSGSEND = YES;
				GCC_C_LANGUAGE_STANDARD = gnu99;
				GCC_DYNAMIC_NO_PIC = NO;
				GCC_NO_COMMON_BLOCKS = YES;
				GCC_OPTIMIZATION_LEVEL = 0;
				GCC_PRECOMPILE_PREFIX_HEADER = YES;
				GCC_PREFIX_HEADER = iTunnel/Prefix.pch;
				GCC_PREPROCESSOR_DEFINITIONS = (
					"DEBUG=1",
					"$(inherited)",
				);
				GCC_SYMBOLS_PRIVATE_EXTERN = NO;
				GCC_WARN_64_TO_32_BIT_CONVERSION = YES;
				GCC_WARN_ABOUT_RETURN_TYPE = YES_ERROR;
				GCC_WARN_UNDECLARED_SELECTOR = YES;
				GCC_WARN_UNINITIALIZED_AUTOS = YES_AGGRESSIVE;
				GCC_WARN_UNUSED_FUNCTION = YES;
				GCC_WARN_UNUSED_VARIABLE = YES;
				IPHONEOS_DEPLOYMENT_TARGET = 8.3;
				MTL_ENABLE_DEBUG_INFO = YES;
				ONLY_ACTIVE_ARCH = YES;
				SDKROOT = iphoneos;
				USER_HEADER_SEARCH_PATHS = "iTunnel/framework/libssh2-for-iOS/include";
			};
			name = Debug;
		};
		E8392A8E1AFF712A00742353 /* Release */ = {
			isa = XCBuildConfiguration;
			buildSettings = {
				ALWAYS_SEARCH_USER_PATHS = YES;
				CLANG_CXX_LANGUAGE_STANDARD = "gnu++0x";
				CLANG_CXX_LIBRARY = "libc++";
				CLANG_ENABLE_MODULES = YES;
				CLANG_ENABLE_OBJC_ARC = YES;
				CLANG_WARN_BOOL_CONVERSION = YES;
				CLANG_WARN_CONSTANT_CONVERSION = YES;
				CLANG_WARN_DIRECT_OBJC_ISA_USAGE = YES_ERROR;
				CLANG_WARN_EMPTY_BODY = YES;
				CLANG_WARN_ENUM_CONVERSION = YES;
				CLANG_WARN_INT_CONVERSION = YES;
				CLANG_WARN_OBJC_ROOT_CLASS = YES_ERROR;
				CLANG_WARN_UNREACHABLE_CODE = YES;
				CLANG_WARN__DUPLICATE_METHOD_MATCH = YES;
				COPY_PHASE_STRIP = NO;
				DEBUG_INFORMATION_FORMAT = "dwarf-with-dsym";
				ENABLE_NS_ASSERTIONS = NO;
				ENABLE_STRICT_OBJC_MSGSEND = YES;
				GCC_C_LANGUAGE_STANDARD = gnu99;
				GCC_NO_COMMON_BLOCKS = YES;
				GCC_PRECOMPILE_PREFIX_HEADER = YES;
				GCC_PREFIX_HEADER = iTunnel/Prefix.pch;
				GCC_WARN_64_TO_32_BIT_CONVERSION = YES;
				GCC_WARN_ABOUT_RETURN_TYPE = YES_ERROR;
				GCC_WARN_UNDECLARED_SELECTOR = YES;
				GCC_WARN_UNINITIALIZED_AUTOS = YES_AGGRESSIVE;
				GCC_WARN_UNUSED_FUNCTION = YES;
				GCC_WARN_UNUSED_VARIABLE = YES;
				IPHONEOS_DEPLOYMENT_TARGET = 8.3;
				MTL_ENABLE_DEBUG_INFO = NO;
				SDKROOT = iphoneos;
				USER_HEADER_SEARCH_PATHS = "iTunnel/framework/libssh2-for-iOS/include";
				VALIDATE_PRODUCT = YES;
			};
			name = Release;
		};
		E8392A901AFF712A00742353 /* Debug */ = {
			isa = XCBuildConfiguration;
			buildSettings = {
				LIBRARY_SEARCH_PATHS = (
					"$(inherited)",
					"$(PROJECT_DIR)/iTunnel/framework/libssh2-for-iOS/lib",
				);
				OTHER_LDFLAGS = "-ObjC";
				PRODUCT_NAME = "$(TARGET_NAME)";
				SKIP_INSTALL = YES;
			};
			name = Debug;
		};
		E8392A911AFF712A00742353 /* Release */ = {
			isa = XCBuildConfiguration;
			buildSettings = {
				LIBRARY_SEARCH_PATHS = (
					"$(inherited)",
					"$(PROJECT_DIR)/iTunnel/framework/libssh2-for-iOS/lib",
				);
				OTHER_LDFLAGS = "-ObjC";
				PRODUCT_NAME = "$(TARGET_NAME)";
				SKIP_INSTALL = YES;
			};
			name = Release;
		};
/* End XCBuildConfiguration section */

/* Begin XCConfigurationList section */
		E8392A761AFF712A00742353 /* Build configuration list for PBXProject "iTunnel" */ = {
			isa = XCConfigurationList;
			buildConfigurations = (
				E8392A8D1AFF712A00742353 /* Debug */,
				E8392A8E1AFF712A00742353 /* Release */,
			);
			defaultConfigurationIsVisible = 0;
			defaultConfigurationName = Release;
		};
		E8392A8F1AFF712A00742353 /* Build configuration list for PBXNativeTarget "iTunnel" */ = {
			isa = XCConfigurationList;
			buildConfigurations = (
				E8392A901AFF712A00742353 /* Debug */,
				E8392A911AFF712A00742353 /* Release */,
			);
			defaultConfigurationIsVisible = 0;
			defaultConfigurationName = Release;
		};
/* End XCConfigurationList section */
	};
	rootObject = E8392A731AFF712A00742353 /* Project object */;
}
